
Microsoft Visual Studio Solution File, Format Version 12.00
# Visual Studio Version 16
VisualStudioVersion = 16.0.32228.343
MinimumVisualStudioVersion = 10.0.40219.1
Project("{FAE04EC0-301F-11D3-BF4B-00C04F79EFBC}") = "Observer", "Observer.csproj", "{AFA9543C-F99A-4994-8F46-57257BE7713D}"
EndProject
Global
	GlobalSection(SolutionConfigurationPlatforms) = preSolution
		Debug|Any CPU = Debug|Any CPU
		Release|Any CPU = Release|Any CPU
	EndGlobalSection
	GlobalSection(ProjectConfigurationPlatforms) = postSolution
		{AFA9543C-F99A-4994-8F46-57257BE7713D}.Debug|Any CPU.ActiveCfg = Debug|Any CPU
		{AFA9543C-F99A-4994-8F46-57257BE7713D}.Debug|Any CPU.Build.0 = Debug|Any CPU
		{AFA9543C-F99A-4994-8F46-57257BE7713D}.Release|Any CPU.ActiveCfg = Release|Any CPU
		{AFA9543C-F99A-4994-8F46-57257BE7713D}.Release|Any CPU.Build.0 = Release|Any CPU
	EndGlobalSection
	GlobalSection(SolutionProperties) = preSolution
		HideSolutionNode = FALSE
	EndGlobalSection
	GlobalSection(ExtensibilityGlobals) = postSolution
		SolutionGuid = {97C905B0-DC81-40F2-B8AF-2634772CF27C}
	EndGlobalSection
EndGlobal
